
Microsoft Visual Studio Solution File, Format Version 12.00
# Visual Studio 15
VisualStudioVersion = 15.0.28307.329
MinimumVisualStudioVersion = 10.0.40219.1
Project("{FAE04EC0-301F-11D3-BF4B-00C04F79EFBC}") = "WindowsFormsPractice", "WindowsFormsPractice\WindowsFormsPractice.csproj", "{B527DE25-8BAA-4EA9-A9D7-87D0CCA405E7}"
EndProject
Global
	GlobalSection(SolutionConfigurationPlatforms) = preSolution
		Debug|Any CPU = Debug|Any CPU
		Release|Any CPU = Release|Any CPU
	EndGlobalSection
	GlobalSection(ProjectConfigurationPlatforms) = postSolution
		{B527DE25-8BAA-4EA9-A9D7-87D0CCA405E7}.Debug|Any CPU.ActiveCfg = Debug|Any CPU
		{B527DE25-8BAA-4EA9-A9D7-87D0CCA405E7}.Debug|Any CPU.Build.0 = Debug|Any CPU
		{B527DE25-8BAA-4EA9-A9D7-87D0CCA405E7}.Release|Any CPU.ActiveCfg = Release|Any CPU
		{B527DE25-8BAA-4EA9-A9D7-87D0CCA405E7}.Release|Any CPU.Build.0 = Release|Any CPU
	EndGlobalSection
	GlobalSection(SolutionProperties) = preSolution
		HideSolutionNode = FALSE
	EndGlobalSection
	GlobalSection(ExtensibilityGlobals) = postSolution
		SolutionGuid = {AF8DFE7F-3248-4B27-98AF-29C6F0B3CF67}
	EndGlobalSection
EndGlobal
